// !$*UTF8*$!
{
	archiveVersion = 1;
	classes = {
	};
	objectVersion = 56;
	objects = {

/* Begin PBXBuildFile section */
		996D3BCE2C94604F003219AE /* Enum.swift in Sources */ = {isa = PBXBuildFile; fileRef = 996D3BCD2C94604F003219AE /* Enum.swift */; };
		996D3BD02C946123003219AE /* Ext+locManager.swift in Sources */ = {isa = PBXBuildFile; fileRef = 996D3BCF2C946123003219AE /* Ext+locManager.swift */; };
		996D3BD22C94637D003219AE /* Ext+Color.swift in Sources */ = {isa = PBXBuildFile; fileRef = 996D3BD12C94637D003219AE /* Ext+Color.swift */; };
		996D3BD62C946C8B003219AE /* MapView.swift in Sources */ = {isa = PBXBuildFile; fileRef = 996D3BD52C946C8B003219AE /* MapView.swift */; };
		996D3BD82C946CC4003219AE /* SelectedView.swift in Sources */ = {isa = PBXBuildFile; fileRef = 996D3BD72C946CC4003219AE /* SelectedView.swift */; };
		996D3BDA2C946CED003219AE /* LocationFormView.swift in Sources */ = {isa = PBXBuildFile; fileRef = 996D3BD92C946CED003219AE /* LocationFormView.swift */; };
		99D6E5912BC03D0800871341 /* AQI.swift in Sources */ = {isa = PBXBuildFile; fileRef = 99D6E5902BC03D0800871341 /* AQI.swift */; };
		99D6E5932BC03D0800871341 /* AQIMainView.swift in Sources */ = {isa = PBXBuildFile; fileRef = 99D6E5922BC03D0800871341 /* AQIMainView.swift */; };
		99D6E5952BC03D0900871341 /* Assets.xcassets in Resources */ = {isa = PBXBuildFile; fileRef = 99D6E5942BC03D0900871341 /* Assets.xcassets */; };
		99D6E5982BC03D0900871341 /* Preview Assets.xcassets in Resources */ = {isa = PBXBuildFile; fileRef = 99D6E5972BC03D0900871341 /* Preview Assets.xcassets */; };
		99D6E5A02BC04A8200871341 /* XCAAQI in Frameworks */ = {isa = PBXBuildFile; productRef = 99D6E59F2BC04A8200871341 /* XCAAQI */; };
		99D6E5A22BC04BBB00871341 /* ViewModel.swift in Sources */ = {isa = PBXBuildFile; fileRef = 99D6E5A12BC04BBB00871341 /* ViewModel.swift */; };
		99D6E5A42BC159EA00871341 /* CoordinateFinder.swift in Sources */ = {isa = PBXBuildFile; fileRef = 99D6E5A32BC159EA00871341 /* CoordinateFinder.swift */; };
		99D6E5A62BC162D200871341 /* CircleView.swift in Sources */ = {isa = PBXBuildFile; fileRef = 99D6E5A52BC162D200871341 /* CircleView.swift */; };
/* End PBXBuildFile section */

/* Begin PBXFileReference section */
		996D3BCD2C94604F003219AE /* Enum.swift */ = {isa = PBXFileReference; lastKnownFileType = sourcecode.swift; path = Enum.swift; sourceTree = "<group>"; };
		996D3BCF2C946123003219AE /* Ext+locManager.swift */ = {isa = PBXFileReference; lastKnownFileType = sourcecode.swift; path = "Ext+locManager.swift"; sourceTree = "<group>"; };
		996D3BD12C94637D003219AE /* Ext+Color.swift */ = {isa = PBXFileReference; lastKnownFileType = sourcecode.swift; path = "Ext+Color.swift"; sourceTree = "<group>"; };
		996D3BD52C946C8B003219AE /* MapView.swift */ = {isa = PBXFileReference; lastKnownFileType = sourcecode.swift; path = MapView.swift; sourceTree = "<group>"; };
		996D3BD72C946CC4003219AE /* SelectedView.swift */ = {isa = PBXFileReference; lastKnownFileType = sourcecode.swift; path = SelectedView.swift; sourceTree = "<group>"; };
		996D3BD92C946CED003219AE /* LocationFormView.swift */ = {isa = PBXFileReference; lastKnownFileType = sourcecode.swift; path = LocationFormView.swift; sourceTree = "<group>"; };
		99D6E58D2BC03D0800871341 /* AQI.app */ = {isa = PBXFileReference; explicitFileType = wrapper.application; includeInIndex = 0; path = AQI.app; sourceTree = BUILT_PRODUCTS_DIR; };
		99D6E5902BC03D0800871341 /* AQI.swift */ = {isa = PBXFileReference; lastKnownFileType = sourcecode.swift; path = AQI.swift; sourceTree = "<group>"; };
		99D6E5922BC03D0800871341 /* AQIMainView.swift */ = {isa = PBXFileReference; lastKnownFileType = sourcecode.swift; path = AQIMainView.swift; sourceTree = "<group>"; };
		99D6E5942BC03D0900871341 /* Assets.xcassets */ = {isa = PBXFileReference; lastKnownFileType = folder.assetcatalog; path = Assets.xcassets; sourceTree = "<group>"; };
		99D6E5972BC03D0900871341 /* Preview Assets.xcassets */ = {isa = PBXFileReference; lastKnownFileType = folder.assetcatalog; path = "Preview Assets.xcassets"; sourceTree = "<group>"; };
		99D6E5A12BC04BBB00871341 /* ViewModel.swift */ = {isa = PBXFileReference; lastKnownFileType = sourcecode.swift; path = ViewModel.swift; sourceTree = "<group>"; };
		99D6E5A32BC159EA00871341 /* CoordinateFinder.swift */ = {isa = PBXFileReference; lastKnownFileType = sourcecode.swift; path = CoordinateFinder.swift; sourceTree = "<group>"; };
		99D6E5A52BC162D200871341 /* CircleView.swift */ = {isa = PBXFileReference; lastKnownFileType = sourcecode.swift; path = CircleView.swift; sourceTree = "<group>"; };
/* End PBXFileReference section */

/* Begin PBXFrameworksBuildPhase section */
		99D6E58A2BC03D0800871341 /* Frameworks */ = {
			isa = PBXFrameworksBuildPhase;
			buildActionMask = 2147483647;
			files = (
				99D6E5A02BC04A8200871341 /* XCAAQI in Frameworks */,
			);
			runOnlyForDeploymentPostprocessing = 0;
		};
/* End PBXFrameworksBuildPhase section */

/* Begin PBXGroup section */
		996D3BDB2C9478C6003219AE /* Views */ = {
			isa = PBXGroup;
			children = (
				99D6E5922BC03D0800871341 /* AQIMainView.swift */,
				996D3BD52C946C8B003219AE /* MapView.swift */,
				996D3BD72C946CC4003219AE /* SelectedView.swift */,
				996D3BD92C946CED003219AE /* LocationFormView.swift */,
				99D6E5A52BC162D200871341 /* CircleView.swift */,
			);
			path = Views;
			sourceTree = "<group>";
		};
		996D3BDC2C9478EF003219AE /* VM */ = {
			isa = PBXGroup;
			children = (
				99D6E5A12BC04BBB00871341 /* ViewModel.swift */,
			);
			path = VM;
			sourceTree = "<group>";
		};
		996D3BDD2C947909003219AE /* Components */ = {
			isa = PBXGroup;
			children = (
				996D3BE02C947993003219AE /* Enum */,
				996D3BDF2C947975003219AE /* Extensions */,
				996D3BDE2C947964003219AE /* Finder */,
			);
			path = Components;
			sourceTree = "<group>";
		};
		996D3BDE2C947964003219AE /* Finder */ = {
			isa = PBXGroup;
			children = (
				99D6E5A32BC159EA00871341 /* CoordinateFinder.swift */,
			);
			path = Finder;
			sourceTree = "<group>";
		};
		996D3BDF2C947975003219AE /* Extensions */ = {
			isa = PBXGroup;
			children = (
				996D3BD12C94637D003219AE /* Ext+Color.swift */,
				996D3BCF2C946123003219AE /* Ext+locManager.swift */,
			);
			path = Extensions;
			sourceTree = "<group>";
		};
		996D3BE02C947993003219AE /* Enum */ = {
			isa = PBXGroup;
			children = (
				996D3BCD2C94604F003219AE /* Enum.swift */,
			);
			path = Enum;
			sourceTree = "<group>";
		};
		99D6E5842BC03D0800871341 = {
			isa = PBXGroup;
			children = (
				99D6E58F2BC03D0800871341 /* AQI */,
				99D6E58E2BC03D0800871341 /* Products */,
			);
			sourceTree = "<group>";
		};
		99D6E58E2BC03D0800871341 /* Products */ = {
			isa = PBXGroup;
			children = (
				99D6E58D2BC03D0800871341 /* AQI.app */,
			);
			name = Products;
			sourceTree = "<group>";
		};
		99D6E58F2BC03D0800871341 /* AQI */ = {
			isa = PBXGroup;
			children = (
				996D3BDD2C947909003219AE /* Components */,
				996D3BDC2C9478EF003219AE /* VM */,
				996D3BDB2C9478C6003219AE /* Views */,
				99D6E5902BC03D0800871341 /* AQI.swift */,
				99D6E5942BC03D0900871341 /* Assets.xcassets */,
				99D6E5962BC03D0900871341 /* Preview Content */,
			);
			path = AQI;
			sourceTree = "<group>";
		};
		99D6E5962BC03D0900871341 /* Preview Content */ = {
			isa = PBXGroup;
			children = (
				99D6E5972BC03D0900871341 /* Preview Assets.xcassets */,
			);
			path = "Preview Content";
			sourceTree = "<group>";
		};
/* End PBXGroup section */

/* Begin PBXNativeTarget section */
		99D6E58C2BC03D0800871341 /* AQI */ = {
			isa = PBXNativeTarget;
			buildConfigurationList = 99D6E59B2BC03D0900871341 /* Build configuration list for PBXNativeTarget "AQI" */;
			buildPhases = (
				99D6E5892BC03D0800871341 /* Sources */,
				99D6E58A2BC03D0800871341 /* Frameworks */,
				99D6E58B2BC03D0800871341 /* Resources */,
			);
			buildRules = (
			);
			dependencies = (
			);
			name = AQI;
			packageProductDependencies = (
				99D6E59F2BC04A8200871341 /* XCAAQI */,
			);
			productName = AQAppForMyThesis;
			productReference = 99D6E58D2BC03D0800871341 /* AQI.app */;
			productType = "com.apple.product-type.application";
		};
/* End PBXNativeTarget section */

/* Begin PBXProject section */
		99D6E5852BC03D0800871341 /* Project object */ = {
			isa = PBXProject;
			attributes = {
				BuildIndependentTargetsInParallel = 1;
				LastSwiftUpdateCheck = 1530;
				LastUpgradeCheck = 1530;
				TargetAttributes = {
					99D6E58C2BC03D0800871341 = {
						CreatedOnToolsVersion = 15.3;
					};
				};
			};
			buildConfigurationList = 99D6E5882BC03D0800871341 /* Build configuration list for PBXProject "AQI" */;
			compatibilityVersion = "Xcode 14.0";
			developmentRegion = en;
			hasScannedForEncodings = 0;
			knownRegions = (
				en,
				Base,
			);
			mainGroup = 99D6E5842BC03D0800871341;
			packageReferences = (
				99D6E59E2BC04A8200871341 /* XCRemoteSwiftPackageReference "XCAAQI" */,
			);
			productRefGroup = 99D6E58E2BC03D0800871341 /* Products */;
			projectDirPath = "";
			projectRoot = "";
			targets = (
				99D6E58C2BC03D0800871341 /* AQI */,
			);
		};
/* End PBXProject section */

/* Begin PBXResourcesBuildPhase section */
		99D6E58B2BC03D0800871341 /* Resources */ = {
			isa = PBXResourcesBuildPhase;
			buildActionMask = 2147483647;
			files = (
				99D6E5982BC03D0900871341 /* Preview Assets.xcassets in Resources */,
				99D6E5952BC03D0900871341 /* Assets.xcassets in Resources */,
			);
			runOnlyForDeploymentPostprocessing = 0;
		};
/* End PBXResourcesBuildPhase section */

/* Begin PBXSourcesBuildPhase section */
		99D6E5892BC03D0800871341 /* Sources */ = {
			isa = PBXSourcesBuildPhase;
			buildActionMask = 2147483647;
			files = (
				996D3BD02C946123003219AE /* Ext+locManager.swift in Sources */,
				99D6E5932BC03D0800871341 /* AQIMainView.swift in Sources */,
				99D6E5A42BC159EA00871341 /* CoordinateFinder.swift in Sources */,
				996D3BCE2C94604F003219AE /* Enum.swift in Sources */,
				99D6E5A22BC04BBB00871341 /* ViewModel.swift in Sources */,
				996D3BD22C94637D003219AE /* Ext+Color.swift in Sources */,
				99D6E5A62BC162D200871341 /* CircleView.swift in Sources */,
				996D3BDA2C946CED003219AE /* LocationFormView.swift in Sources */,
				996D3BD82C946CC4003219AE /* SelectedView.swift in Sources */,
				996D3BD62C946C8B003219AE /* MapView.swift in Sources */,
				99D6E5912BC03D0800871341 /* AQI.swift in Sources */,
			);
			runOnlyForDeploymentPostprocessing = 0;
		};
/* End PBXSourcesBuildPhase section */

/* Begin XCBuildConfiguration section */
		99D6E5992BC03D0900871341 /* Debug */ = {
			isa = XCBuildConfiguration;
			buildSettings = {
				ALWAYS_SEARCH_USER_PATHS = NO;
				ASSETCATALOG_COMPILER_GENERATE_SWIFT_ASSET_SYMBOL_EXTENSIONS = YES;
				CLANG_ANALYZER_NONNULL = YES;
				CLANG_ANALYZER_NUMBER_OBJECT_CONVERSION = YES_AGGRESSIVE;
				CLANG_CXX_LANGUAGE_STANDARD = "gnu++20";
				CLANG_ENABLE_MODULES = YES;
				CLANG_ENABLE_OBJC_ARC = YES;
				CLANG_ENABLE_OBJC_WEAK = YES;
				CLANG_WARN_BLOCK_CAPTURE_AUTORELEASING = YES;
				CLANG_WARN_BOOL_CONVERSION = YES;
				CLANG_WARN_COMMA = YES;
				CLANG_WARN_CONSTANT_CONVERSION = YES;
				CLANG_WARN_DEPRECATED_OBJC_IMPLEMENTATIONS = YES;
				CLANG_WARN_DIRECT_OBJC_ISA_USAGE = YES_ERROR;
				CLANG_WARN_DOCUMENTATION_COMMENTS = YES;
				CLANG_WARN_EMPTY_BODY = YES;
				CLANG_WARN_ENUM_CONVERSION = YES;
				CLANG_WARN_INFINITE_RECURSION = YES;
				CLANG_WARN_INT_CONVERSION = YES;
				CLANG_WARN_NON_LITERAL_NULL_CONVERSION = YES;
				CLANG_WARN_OBJC_IMPLICIT_RETAIN_SELF = YES;
				CLANG_WARN_OBJC_LITERAL_CONVERSION = YES;
				CLANG_WARN_OBJC_ROOT_CLASS = YES_ERROR;
				CLANG_WARN_QUOTED_INCLUDE_IN_FRAMEWORK_HEADER = YES;
				CLANG_WARN_RANGE_LOOP_ANALYSIS = YES;
				CLANG_WARN_STRICT_PROTOTYPES = YES;
				CLANG_WARN_SUSPICIOUS_MOVE = YES;
				CLANG_WARN_UNGUARDED_AVAILABILITY = YES_AGGRESSIVE;
				CLANG_WARN_UNREACHABLE_CODE = YES;
				CLANG_WARN__DUPLICATE_METHOD_MATCH = YES;
				COPY_PHASE_STRIP = NO;
				DEBUG_INFORMATION_FORMAT = dwarf;
				ENABLE_STRICT_OBJC_MSGSEND = YES;
				ENABLE_TESTABILITY = YES;
				ENABLE_USER_SCRIPT_SANDBOXING = YES;
				GCC_C_LANGUAGE_STANDARD = gnu17;
				GCC_DYNAMIC_NO_PIC = NO;
				GCC_NO_COMMON_BLOCKS = YES;
				GCC_OPTIMIZATION_LEVEL = 0;
				GCC_PREPROCESSOR_DEFINITIONS = (
					"DEBUG=1",
					"$(inherited)",
				);
				GCC_WARN_64_TO_32_BIT_CONVERSION = YES;
				GCC_WARN_ABOUT_RETURN_TYPE = YES_ERROR;
				GCC_WARN_UNDECLARED_SELECTOR = YES;
				GCC_WARN_UNINITIALIZED_AUTOS = YES_AGGRESSIVE;
				GCC_WARN_UNUSED_FUNCTION = YES;
				GCC_WARN_UNUSED_VARIABLE = YES;
				IPHONEOS_DEPLOYMENT_TARGET = 17.4;
				LOCALIZATION_PREFERS_STRING_CATALOGS = YES;
				MTL_ENABLE_DEBUG_INFO = INCLUDE_SOURCE;
				MTL_FAST_MATH = YES;
				ONLY_ACTIVE_ARCH = YES;
				SDKROOT = iphoneos;
				SWIFT_ACTIVE_COMPILATION_CONDITIONS = "DEBUG $(inherited)";
				SWIFT_OPTIMIZATION_LEVEL = "-Onone";
			};
			name = Debug;
		};
		99D6E59A2BC03D0900871341 /* Release */ = {
			isa = XCBuildConfiguration;
			buildSettings = {
				ALWAYS_SEARCH_USER_PATHS = NO;
				ASSETCATALOG_COMPILER_GENERATE_SWIFT_ASSET_SYMBOL_EXTENSIONS = YES;
				CLANG_ANALYZER_NONNULL = YES;
				CLANG_ANALYZER_NUMBER_OBJECT_CONVERSION = YES_AGGRESSIVE;
				CLANG_CXX_LANGUAGE_STANDARD = "gnu++20";
				CLANG_ENABLE_MODULES = YES;
				CLANG_ENABLE_OBJC_ARC = YES;
				CLANG_ENABLE_OBJC_WEAK = YES;
				CLANG_WARN_BLOCK_CAPTURE_AUTORELEASING = YES;
				CLANG_WARN_BOOL_CONVERSION = YES;
				CLANG_WARN_COMMA = YES;
				CLANG_WARN_CONSTANT_CONVERSION = YES;
				CLANG_WARN_DEPRECATED_OBJC_IMPLEMENTATIONS = YES;
				CLANG_WARN_DIRECT_OBJC_ISA_USAGE = YES_ERROR;
				CLANG_WARN_DOCUMENTATION_COMMENTS = YES;
				CLANG_WARN_EMPTY_BODY = YES;
				CLANG_WARN_ENUM_CONVERSION = YES;
				CLANG_WARN_INFINITE_RECURSION = YES;
				CLANG_WARN_INT_CONVERSION = YES;
				CLANG_WARN_NON_LITERAL_NULL_CONVERSION = YES;
				CLANG_WARN_OBJC_IMPLICIT_RETAIN_SELF = YES;
				CLANG_WARN_OBJC_LITERAL_CONVERSION = YES;
				CLANG_WARN_OBJC_ROOT_CLASS = YES_ERROR;
				CLANG_WARN_QUOTED_INCLUDE_IN_FRAMEWORK_HEADER = YES;
				CLANG_WARN_RANGE_LOOP_ANALYSIS = YES;
				CLANG_WARN_STRICT_PROTOTYPES = YES;
				CLANG_WARN_SUSPICIOUS_MOVE = YES;
				CLANG_WARN_UNGUARDED_AVAILABILITY = YES_AGGRESSIVE;
				CLANG_WARN_UNREACHABLE_CODE = YES;
				CLANG_WARN__DUPLICATE_METHOD_MATCH = YES;
				COPY_PHASE_STRIP = NO;
				DEBUG_INFORMATION_FORMAT = "dwarf-with-dsym";
				ENABLE_NS_ASSERTIONS = NO;
				ENABLE_STRICT_OBJC_MSGSEND = YES;
				ENABLE_USER_SCRIPT_SANDBOXING = YES;
				GCC_C_LANGUAGE_STANDARD = gnu17;
				GCC_NO_COMMON_BLOCKS = YES;
				GCC_WARN_64_TO_32_BIT_CONVERSION = YES;
				GCC_WARN_ABOUT_RETURN_TYPE = YES_ERROR;
				GCC_WARN_UNDECLARED_SELECTOR = YES;
				GCC_WARN_UNINITIALIZED_AUTOS = YES_AGGRESSIVE;
				GCC_WARN_UNUSED_FUNCTION = YES;
				GCC_WARN_UNUSED_VARIABLE = YES;
				IPHONEOS_DEPLOYMENT_TARGET = 17.4;
				LOCALIZATION_PREFERS_STRING_CATALOGS = YES;
				MTL_ENABLE_DEBUG_INFO = NO;
				MTL_FAST_MATH = YES;
				SDKROOT = iphoneos;
				SWIFT_COMPILATION_MODE = wholemodule;
				VALIDATE_PRODUCT = YES;
			};
			name = Release;
		};
		99D6E59C2BC03D0900871341 /* Debug */ = {
			isa = XCBuildConfiguration;
			buildSettings = {
				ASSETCATALOG_COMPILER_APPICON_NAME = AppIcon;
				ASSETCATALOG_COMPILER_GLOBAL_ACCENT_COLOR_NAME = AccentColor;
				CODE_SIGN_STYLE = Automatic;
				CURRENT_PROJECT_VERSION = 1;
				DEVELOPMENT_ASSET_PATHS = "\"AQI/Preview Content\"";
				DEVELOPMENT_TEAM = B88JUJ97Y7;
				ENABLE_PREVIEWS = YES;
				GENERATE_INFOPLIST_FILE = YES;
				INFOPLIST_KEY_NSLocationWhenInUseUsageDescription = "The app wants to show AQ conditions around your location";
				INFOPLIST_KEY_UIApplicationSceneManifest_Generation = YES;
				INFOPLIST_KEY_UIApplicationSupportsIndirectInputEvents = YES;
				INFOPLIST_KEY_UILaunchScreen_Generation = YES;
				INFOPLIST_KEY_UISupportedInterfaceOrientations_iPad = "UIInterfaceOrientationPortrait UIInterfaceOrientationPortraitUpsideDown UIInterfaceOrientationLandscapeLeft UIInterfaceOrientationLandscapeRight";
				INFOPLIST_KEY_UISupportedInterfaceOrientations_iPhone = "UIInterfaceOrientationPortrait UIInterfaceOrientationLandscapeLeft UIInterfaceOrientationLandscapeRight";
				LD_RUNPATH_SEARCH_PATHS = (
					"$(inherited)",
					"@executable_path/Frameworks",
				);
				MARKETING_VERSION = 1.0;
				PRODUCT_BUNDLE_IDENTIFIER = com.kurog1rik1ngdom.AQI;
				PRODUCT_NAME = "$(TARGET_NAME)";
				SWIFT_EMIT_LOC_STRINGS = YES;
				SWIFT_VERSION = 5.0;
				TARGETED_DEVICE_FAMILY = "1,2";
			};
			name = Debug;
		};
		99D6E59D2BC03D0900871341 /* Release */ = {
			isa = XCBuildConfiguration;
			buildSettings = {
				ASSETCATALOG_COMPILER_APPICON_NAME = AppIcon;
				ASSETCATALOG_COMPILER_GLOBAL_ACCENT_COLOR_NAME = AccentColor;
				CODE_SIGN_STYLE = Automatic;
				CURRENT_PROJECT_VERSION = 1;
				DEVELOPMENT_ASSET_PATHS = "\"AQI/Preview Content\"";
				DEVELOPMENT_TEAM = B88JUJ97Y7;
				ENABLE_PREVIEWS = YES;
				GENERATE_INFOPLIST_FILE = YES;
				INFOPLIST_KEY_NSLocationWhenInUseUsageDescription = "The app wants to show AQ conditions around your location";
				INFOPLIST_KEY_UIApplicationSceneManifest_Generation = YES;
				INFOPLIST_KEY_UIApplicationSupportsIndirectInputEvents = YES;
				INFOPLIST_KEY_UILaunchScreen_Generation = YES;
				INFOPLIST_KEY_UISupportedInterfaceOrientations_iPad = "UIInterfaceOrientationPortrait UIInterfaceOrientationPortraitUpsideDown UIInterfaceOrientationLandscapeLeft UIInterfaceOrientationLandscapeRight";
				INFOPLIST_KEY_UISupportedInterfaceOrientations_iPhone = "UIInterfaceOrientationPortrait UIInterfaceOrientationLandscapeLeft UIInterfaceOrientationLandscapeRight";
				LD_RUNPATH_SEARCH_PATHS = (
					"$(inherited)",
					"@executable_path/Frameworks",
				);
				MARKETING_VERSION = 1.0;
				PRODUCT_BUNDLE_IDENTIFIER = com.kurog1rik1ngdom.AQI;
				PRODUCT_NAME = "$(TARGET_NAME)";
				SWIFT_EMIT_LOC_STRINGS = YES;
				SWIFT_VERSION = 5.0;
				TARGETED_DEVICE_FAMILY = "1,2";
			};
			name = Release;
		};
/* End XCBuildConfiguration section */

/* Begin XCConfigurationList section */
		99D6E5882BC03D0800871341 /* Build configuration list for PBXProject "AQI" */ = {
			isa = XCConfigurationList;
			buildConfigurations = (
				99D6E5992BC03D0900871341 /* Debug */,
				99D6E59A2BC03D0900871341 /* Release */,
			);
			defaultConfigurationIsVisible = 0;
			defaultConfigurationName = Release;
		};
		99D6E59B2BC03D0900871341 /* Build configuration list for PBXNativeTarget "AQI" */ = {
			isa = XCConfigurationList;
			buildConfigurations = (
				99D6E59C2BC03D0900871341 /* Debug */,
				99D6E59D2BC03D0900871341 /* Release */,
			);
			defaultConfigurationIsVisible = 0;
			defaultConfigurationName = Release;
		};
/* End XCConfigurationList section */

/* Begin XCRemoteSwiftPackageReference section */
		99D6E59E2BC04A8200871341 /* XCRemoteSwiftPackageReference "XCAAQI" */ = {
			isa = XCRemoteSwiftPackageReference;
			repositoryURL = "https://github.com/alfianlosari/XCAAQI";
			requirement = {
				branch = main;
				kind = branch;
			};
		};
/* End XCRemoteSwiftPackageReference section */

/* Begin XCSwiftPackageProductDependency section */
		99D6E59F2BC04A8200871341 /* XCAAQI */ = {
			isa = XCSwiftPackageProductDependency;
			package = 99D6E59E2BC04A8200871341 /* XCRemoteSwiftPackageReference "XCAAQI" */;
			productName = XCAAQI;
		};
/* End XCSwiftPackageProductDependency section */
	};
	rootObject = 99D6E5852BC03D0800871341 /* Project object */;
}
